
Microsoft Visual Studio Solution File, Format Version 12.00
# Visual Studio 15
Project("{FAE04EC0-301F-11D3-BF4B-00C04F79EFBC}") = "Assembly-CSharp", "Assembly-CSharp.csproj", "{D52DDBFF-12F3-0363-77D5-44EB1E45678B}"
EndProject
Project("{FAE04EC0-301F-11D3-BF4B-00C04F79EFBC}") = "Assembly-CSharp-Editor-firstpass", "Assembly-CSharp-Editor-firstpass.csproj", "{288FDE47-1909-47C4-8036-30C306800C70}"
EndProject
Global
	GlobalSection(SolutionConfigurationPlatforms) = preSolution
		Debug|Any CPU = Debug|Any CPU
		Release|Any CPU = Release|Any CPU
	EndGlobalSection
	GlobalSection(ProjectConfigurationPlatforms) = postSolution
		{D52DDBFF-12F3-0363-77D5-44EB1E45678B}.Debug|Any CPU.ActiveCfg = Debug|Any CPU
		{D52DDBFF-12F3-0363-77D5-44EB1E45678B}.Debug|Any CPU.Build.0 = Debug|Any CPU
		{D52DDBFF-12F3-0363-77D5-44EB1E45678B}.Release|Any CPU.ActiveCfg = Release|Any CPU
		{D52DDBFF-12F3-0363-77D5-44EB1E45678B}.Release|Any CPU.Build.0 = Release|Any CPU
		{288FDE47-1909-47C4-8036-30C306800C70}.Debug|Any CPU.ActiveCfg = Debug|Any CPU
		{288FDE47-1909-47C4-8036-30C306800C70}.Debug|Any CPU.Build.0 = Debug|Any CPU
		{288FDE47-1909-47C4-8036-30C306800C70}.Release|Any CPU.ActiveCfg = Release|Any CPU
		{288FDE47-1909-47C4-8036-30C306800C70}.Release|Any CPU.Build.0 = Release|Any CPU
	EndGlobalSection
	GlobalSection(SolutionProperties) = preSolution
		HideSolutionNode = FALSE
	EndGlobalSection
EndGlobal
