
Microsoft Visual Studio Solution File, Format Version 11.00
# Visual Studio 2010
Project("{FAE04EC0-301F-11D3-BF4B-00C04F79EFBC}") = "Assembly-CSharp", "Assembly-CSharp.csproj", "{836E2745-45B7-7D4A-F6A5-F5049597F6A1}"
EndProject
Project("{FAE04EC0-301F-11D3-BF4B-00C04F79EFBC}") = "Assembly-CSharp-Editor-firstpass", "Assembly-CSharp-Editor-firstpass.csproj", "{010B2DAE-152D-9A91-C834-5601EFBF4476}"
EndProject
Global
	GlobalSection(SolutionConfigurationPlatforms) = preSolution
		Debug|Any CPU = Debug|Any CPU
		Release|Any CPU = Release|Any CPU
	EndGlobalSection
	GlobalSection(ProjectConfigurationPlatforms) = postSolution
		{836E2745-45B7-7D4A-F6A5-F5049597F6A1}.Debug|Any CPU.ActiveCfg = Debug|Any CPU
		{836E2745-45B7-7D4A-F6A5-F5049597F6A1}.Debug|Any CPU.Build.0 = Debug|Any CPU
		{836E2745-45B7-7D4A-F6A5-F5049597F6A1}.Release|Any CPU.ActiveCfg = Release|Any CPU
		{836E2745-45B7-7D4A-F6A5-F5049597F6A1}.Release|Any CPU.Build.0 = Release|Any CPU
		{010B2DAE-152D-9A91-C834-5601EFBF4476}.Debug|Any CPU.ActiveCfg = Debug|Any CPU
		{010B2DAE-152D-9A91-C834-5601EFBF4476}.Debug|Any CPU.Build.0 = Debug|Any CPU
		{010B2DAE-152D-9A91-C834-5601EFBF4476}.Release|Any CPU.ActiveCfg = Release|Any CPU
		{010B2DAE-152D-9A91-C834-5601EFBF4476}.Release|Any CPU.Build.0 = Release|Any CPU
	EndGlobalSection
	GlobalSection(SolutionProperties) = preSolution
		HideSolutionNode = FALSE
	EndGlobalSection
EndGlobal
